
Microsoft Visual Studio Solution File, Format Version 12.00
# Visual Studio Version 17
VisualStudioVersion = 17.2.32616.157
MinimumVisualStudioVersion = 10.0.40219.1
Project("{2150E333-8FDC-42A3-9474-1A3956D46DE8}") = "Core", "Core", "{873BA6AF-C888-4B32-B694-D07B1255DCAB}"
EndProject
Project("{2150E333-8FDC-42A3-9474-1A3956D46DE8}") = "Infrastructure", "Infrastructure", "{A609D8BE-AA3B-403A-9270-228AD2A0AB20}"
EndProject
Project("{2150E333-8FDC-42A3-9474-1A3956D46DE8}") = "Presentation", "Presentation", "{8A54746D-81BE-475A-AEA8-62E2A0D6D470}"
EndProject
Project("{FAE04EC0-301F-11D3-BF4B-00C04F79EFBC}") = "LM.Application", "LM.Application\LM.Application.csproj", "{3F84926A-9B65-40E9-AA65-864F0A9B3A41}"
EndProject
Project("{FAE04EC0-301F-11D3-BF4B-00C04F79EFBC}") = "LM.Domain", "LM.Domain\LM.Domain.csproj", "{A84DBA12-30C4-4BAC-8755-8185781307DC}"
EndProject
Project("{FAE04EC0-301F-11D3-BF4B-00C04F79EFBC}") = "LM.DTOs", "LM.DTOs\LM.DTOs.csproj", "{0FB5F537-968D-4DE7-988C-B18246BE90B0}"
EndProject
Project("{FAE04EC0-301F-11D3-BF4B-00C04F79EFBC}") = "LM.Persistence", "LM.Persistence\LM.Persistence.csproj", "{7C44DCBA-F2BB-4D89-B2AA-39E5135F2C25}"
EndProject
Project("{FAE04EC0-301F-11D3-BF4B-00C04F79EFBC}") = "LM.Services", "LM.Services\LM.Services.csproj", "{30C1637C-A411-43AE-8949-E30D5235D7B1}"
EndProject
Project("{FAE04EC0-301F-11D3-BF4B-00C04F79EFBC}") = "LM.Test", "LM.Test\LM.Test.csproj", "{14CE938F-A4E2-492E-A464-7093F719437F}"
EndProject
Project("{FAE04EC0-301F-11D3-BF4B-00C04F79EFBC}") = "LM.API", "LM.API\LM.API.csproj", "{FFE0A24D-8DEE-409B-B326-EC03400D3AE0}"
EndProject
Global
	GlobalSection(SolutionConfigurationPlatforms) = preSolution
		Debug|Any CPU = Debug|Any CPU
		Release|Any CPU = Release|Any CPU
	EndGlobalSection
	GlobalSection(ProjectConfigurationPlatforms) = postSolution
		{3F84926A-9B65-40E9-AA65-864F0A9B3A41}.Debug|Any CPU.ActiveCfg = Debug|Any CPU
		{3F84926A-9B65-40E9-AA65-864F0A9B3A41}.Debug|Any CPU.Build.0 = Debug|Any CPU
		{3F84926A-9B65-40E9-AA65-864F0A9B3A41}.Release|Any CPU.ActiveCfg = Release|Any CPU
		{3F84926A-9B65-40E9-AA65-864F0A9B3A41}.Release|Any CPU.Build.0 = Release|Any CPU
		{A84DBA12-30C4-4BAC-8755-8185781307DC}.Debug|Any CPU.ActiveCfg = Debug|Any CPU
		{A84DBA12-30C4-4BAC-8755-8185781307DC}.Debug|Any CPU.Build.0 = Debug|Any CPU
		{A84DBA12-30C4-4BAC-8755-8185781307DC}.Release|Any CPU.ActiveCfg = Release|Any CPU
		{A84DBA12-30C4-4BAC-8755-8185781307DC}.Release|Any CPU.Build.0 = Release|Any CPU
		{0FB5F537-968D-4DE7-988C-B18246BE90B0}.Debug|Any CPU.ActiveCfg = Debug|Any CPU
		{0FB5F537-968D-4DE7-988C-B18246BE90B0}.Debug|Any CPU.Build.0 = Debug|Any CPU
		{0FB5F537-968D-4DE7-988C-B18246BE90B0}.Release|Any CPU.ActiveCfg = Release|Any CPU
		{0FB5F537-968D-4DE7-988C-B18246BE90B0}.Release|Any CPU.Build.0 = Release|Any CPU
		{7C44DCBA-F2BB-4D89-B2AA-39E5135F2C25}.Debug|Any CPU.ActiveCfg = Debug|Any CPU
		{7C44DCBA-F2BB-4D89-B2AA-39E5135F2C25}.Debug|Any CPU.Build.0 = Debug|Any CPU
		{7C44DCBA-F2BB-4D89-B2AA-39E5135F2C25}.Release|Any CPU.ActiveCfg = Release|Any CPU
		{7C44DCBA-F2BB-4D89-B2AA-39E5135F2C25}.Release|Any CPU.Build.0 = Release|Any CPU
		{30C1637C-A411-43AE-8949-E30D5235D7B1}.Debug|Any CPU.ActiveCfg = Debug|Any CPU
		{30C1637C-A411-43AE-8949-E30D5235D7B1}.Debug|Any CPU.Build.0 = Debug|Any CPU
		{30C1637C-A411-43AE-8949-E30D5235D7B1}.Release|Any CPU.ActiveCfg = Release|Any CPU
		{30C1637C-A411-43AE-8949-E30D5235D7B1}.Release|Any CPU.Build.0 = Release|Any CPU
		{14CE938F-A4E2-492E-A464-7093F719437F}.Debug|Any CPU.ActiveCfg = Debug|Any CPU
		{14CE938F-A4E2-492E-A464-7093F719437F}.Debug|Any CPU.Build.0 = Debug|Any CPU
		{14CE938F-A4E2-492E-A464-7093F719437F}.Release|Any CPU.ActiveCfg = Release|Any CPU
		{14CE938F-A4E2-492E-A464-7093F719437F}.Release|Any CPU.Build.0 = Release|Any CPU
		{FFE0A24D-8DEE-409B-B326-EC03400D3AE0}.Debug|Any CPU.ActiveCfg = Debug|Any CPU
		{FFE0A24D-8DEE-409B-B326-EC03400D3AE0}.Debug|Any CPU.Build.0 = Debug|Any CPU
		{FFE0A24D-8DEE-409B-B326-EC03400D3AE0}.Release|Any CPU.ActiveCfg = Release|Any CPU
		{FFE0A24D-8DEE-409B-B326-EC03400D3AE0}.Release|Any CPU.Build.0 = Release|Any CPU
	EndGlobalSection
	GlobalSection(SolutionProperties) = preSolution
		HideSolutionNode = FALSE
	EndGlobalSection
	GlobalSection(NestedProjects) = preSolution
		{3F84926A-9B65-40E9-AA65-864F0A9B3A41} = {873BA6AF-C888-4B32-B694-D07B1255DCAB}
		{A84DBA12-30C4-4BAC-8755-8185781307DC} = {873BA6AF-C888-4B32-B694-D07B1255DCAB}
		{0FB5F537-968D-4DE7-988C-B18246BE90B0} = {873BA6AF-C888-4B32-B694-D07B1255DCAB}
		{7C44DCBA-F2BB-4D89-B2AA-39E5135F2C25} = {A609D8BE-AA3B-403A-9270-228AD2A0AB20}
		{30C1637C-A411-43AE-8949-E30D5235D7B1} = {A609D8BE-AA3B-403A-9270-228AD2A0AB20}
		{14CE938F-A4E2-492E-A464-7093F719437F} = {A609D8BE-AA3B-403A-9270-228AD2A0AB20}
		{FFE0A24D-8DEE-409B-B326-EC03400D3AE0} = {8A54746D-81BE-475A-AEA8-62E2A0D6D470}
	EndGlobalSection
	GlobalSection(ExtensibilityGlobals) = postSolution
		SolutionGuid = {BC87050A-4F99-45E9-B205-D7703F4A9D9B}
	EndGlobalSection
EndGlobal
